<Solution>
  <Folder Name="/src/">
    <Project Path="src/SocialAgent.Core/SocialAgent.Core.csproj" />
    <Project Path="src/SocialAgent.Data/SocialAgent.Data.csproj" />
    <Project Path="src/SocialAgent.Analytics/SocialAgent.Analytics.csproj" />
    <Project Path="src/SocialAgent.Providers.Mastodon/SocialAgent.Providers.Mastodon.csproj" />
    <Project Path="src/SocialAgent.Providers.Bluesky/SocialAgent.Providers.Bluesky.csproj" />
    <Project Path="src/SocialAgent.Host/SocialAgent.Host.csproj" />
  </Folder>
  <Folder Name="/tests/">
    <Project Path="tests/SocialAgent.Core.Tests/SocialAgent.Core.Tests.csproj" />
    <Project Path="tests/SocialAgent.Analytics.Tests/SocialAgent.Analytics.Tests.csproj" />
    <Project Path="tests/SocialAgent.Providers.Mastodon.Tests/SocialAgent.Providers.Mastodon.Tests.csproj" />
    <Project Path="tests/SocialAgent.Providers.Bluesky.Tests/SocialAgent.Providers.Bluesky.Tests.csproj" />
  </Folder>
</Solution>
